{
  "requires": true,
  "lockfileVersion": 1,
  "dependencies": {
    "promise-polyfill": {
      "version": "7.1.0",
      "resolved": "https://registry.npmjs.org/promise-polyfill/-/promise-polyfill-7.1.0.tgz",
      "integrity": "sha512-P6NJ2wU/8fac44ENORsuqT8TiolKGB2u0fEClPtXezn7w5cmLIjM/7mhPlTebke2EPr6tmqZbXvnX0TxwykGrg=="
    }
  }
}
